Microsoft Visual Studio Solution File, Format Version 11.00
# Visual Studio 2008

Project("{92FD6451-5C66-A812-9C57-FF9266694D43}") = "Trinitij", "Assembly-CSharp-firstpass.csproj", "{BF6DBC5B-B0FD-EDDB-1B6B-C043F9240519}"
EndProject
Project("{92FD6451-5C66-A812-9C57-FF9266694D43}") = "Trinitij", "Assembly-CSharp.csproj", "{13FA0AB5-558B-355C-A626-F4EDB8B427FA}"
EndProject
Global
	GlobalSection(SolutionConfigurationPlatforms) = preSolution
		Debug|Any CPU = Debug|Any CPU
		Release|Any CPU = Release|Any CPU
	EndGlobalSection
	GlobalSection(ProjectConfigurationPlatforms) = postSolution
		{BF6DBC5B-B0FD-EDDB-1B6B-C043F9240519}.Debug|Any CPU.ActiveCfg = Debug|Any CPU
		{BF6DBC5B-B0FD-EDDB-1B6B-C043F9240519}.Debug|Any CPU.Build.0 = Debug|Any CPU
		{BF6DBC5B-B0FD-EDDB-1B6B-C043F9240519}.Release|Any CPU.ActiveCfg = Release|Any CPU
		{BF6DBC5B-B0FD-EDDB-1B6B-C043F9240519}.Release|Any CPU.Build.0 = Release|Any CPU
		{13FA0AB5-558B-355C-A626-F4EDB8B427FA}.Debug|Any CPU.ActiveCfg = Debug|Any CPU
		{13FA0AB5-558B-355C-A626-F4EDB8B427FA}.Debug|Any CPU.Build.0 = Debug|Any CPU
		{13FA0AB5-558B-355C-A626-F4EDB8B427FA}.Release|Any CPU.ActiveCfg = Release|Any CPU
		{13FA0AB5-558B-355C-A626-F4EDB8B427FA}.Release|Any CPU.Build.0 = Release|Any CPU
	EndGlobalSection
	GlobalSection(SolutionProperties) = preSolution
		HideSolutionNode = FALSE
	EndGlobalSection
																														GlobalSection(MonoDevelopProperties) = preSolution
		StartupItem = Assembly-CSharp.csproj
		Policies = $0
		$0.TextStylePolicy = $1
		$1.inheritsSet = null
		$1.scope = text/x-csharp
		$0.CSharpFormattingPolicy = $2
		$2.inheritsSet = Mono
		$2.inheritsScope = text/x-csharp
		$2.scope = text/x-csharp
		$0.TextStylePolicy = $3
		$3.FileWidth = 120
		$3.TabWidth = 4
		$3.IndentWidth = 4
		$3.EolMarker = Unix
		$3.inheritsSet = Mono
		$3.inheritsScope = text/plain
		$3.scope = text/plain
	EndGlobalSection

EndGlobal
