
Microsoft Visual Studio Solution File, Format Version 12.00
# Visual Studio 2015
Project("{FAE04EC0-301F-11D3-BF4B-00C04F79EFBC}") = "trinitijUnity.CSharp.Plugins", "trinitijUnity.CSharp.Plugins.csproj", "{EBB20EA3-BD8C-6D9B-B505-9AC6A8D4F880}"
EndProject
Project("{FAE04EC0-301F-11D3-BF4B-00C04F79EFBC}") = "trinitijUnity.CSharp", "trinitijUnity.CSharp.csproj", "{C98D603A-B989-C461-DEBF-8A53688E1E59}"
EndProject
Global
	GlobalSection(SolutionConfigurationPlatforms) = preSolution
		Debug|Any CPU = Debug|Any CPU
		Release|Any CPU = Release|Any CPU
	EndGlobalSection
	GlobalSection(ProjectConfigurationPlatforms) = postSolution
		{EBB20EA3-BD8C-6D9B-B505-9AC6A8D4F880}.Debug|Any CPU.ActiveCfg = Debug|Any CPU
		{EBB20EA3-BD8C-6D9B-B505-9AC6A8D4F880}.Debug|Any CPU.Build.0 = Debug|Any CPU
		{EBB20EA3-BD8C-6D9B-B505-9AC6A8D4F880}.Release|Any CPU.ActiveCfg = Release|Any CPU
		{EBB20EA3-BD8C-6D9B-B505-9AC6A8D4F880}.Release|Any CPU.Build.0 = Release|Any CPU
		{C98D603A-B989-C461-DEBF-8A53688E1E59}.Debug|Any CPU.ActiveCfg = Debug|Any CPU
		{C98D603A-B989-C461-DEBF-8A53688E1E59}.Debug|Any CPU.Build.0 = Debug|Any CPU
		{C98D603A-B989-C461-DEBF-8A53688E1E59}.Release|Any CPU.ActiveCfg = Release|Any CPU
		{C98D603A-B989-C461-DEBF-8A53688E1E59}.Release|Any CPU.Build.0 = Release|Any CPU
	EndGlobalSection
	GlobalSection(SolutionProperties) = preSolution
		HideSolutionNode = FALSE
	EndGlobalSection
EndGlobal
